#MicroXplorer Configuration settings - do not modify
SH.FMC_D7_DA7.0=FMC_D7,sd-16b-d1
PB13.GPIOParameters=GPIO_PuPd,GPIO_Label
SH.FMC_D0_DA0.ConfNb=1
SH.FMC_A8.ConfNb=1
SH.FMC_A4.ConfNb=1
SH.FMC_A0.ConfNb=1
SH.FMC_D6_DA6.ConfNb=1
STMicroelectronics.X-CUBE-TOUCHGFX.4.13.0.tgfx_custom_width=800
SH.FMC_D9_DA9.ConfNb=1
FMC.RCDDelay1=5
NVIC.I2C1_EV_IRQn=true\:0\:0\:false\:false\:true\:false\:true\:true
FMC.SDClockPeriod1=FMC_SDRAM_CLOCK_PERIOD_2
SH.FMC_A0.0=FMC_A0,12b-sda1
PB10.Mode=Single Bank 1
PG4.Signal=FMC_A14_BA0
PG8.Signal=FMC_SDCLK
DSIHOST_D0N.Mode=DSIHost_Adapted_TE
RCC.PLLCLKFreq_Value=180000000
PC12.Signal=UART5_TX
PB14.GPIO_Label=LCD_BL_CTRL
RCC.PLLQCLKFreq_Value=90000000
PG0.Signal=FMC_A10
FMC.LoadToActiveDelay1=3
DSIHOST_D1P.Mode=DSIHost_Adapted_TE
PC3.Locked=true
RCC.RTCFreq_Value=32000
RCC.PLLDSIFreq_Value=500000000
PA6.GPIO_Label=LED_YELLOW
SH.FMC_SDNWE.ConfNb=1
SH.FMC_D5_DA5.0=FMC_D5,sd-16b-d1
RCC.DATA_CACHE_ENABLE=1
PB13.Signal=GPIO_Input
RCC.SAIAFreq_Value=104250000
PinOutPanel.RotationAngle=0
PE6.GPIO_Label=PUMP4_ON
RCC.SYSCLKSource=RCC_SYSCLKSOURCE_PLLCLK
SH.FMC_A15_BA1.0=FMC_BA1,FourSdramBanks1
SH.FMC_D9_DA9.0=FMC_D9,sd-16b-d1
NVIC.SVCall_IRQn=true\:0\:0\:false\:false\:false\:false\:false\:false
DSIHOST_D0P.Signal=DSIHOST_D0P
PF7.Signal=QUADSPI_BK1_IO2
NVIC.DMA2D_IRQn=true\:5\:0\:false\:false\:true\:true\:true\:true
RCC.LCDTFTFreq_Value=41700000
SH.FMC_SDNWE.0=FMC_SDNWE,12b-sda1
SH.FMC_D11_DA11.0=FMC_D11,sd-16b-d1
RCC.APB2TimFreq_Value=180000000
PB6.Signal=I2C1_SCL
SH.FMC_D10_DA10.ConfNb=1
ADC1.InjNumberOfConversion=0
DSIHOST_CKP.Mode=DSIHost_Adapted_TE
PB12.PinState=GPIO_PIN_SET
PH1/OSC_OUT.Signal=RCC_OSC_OUT
PB6.Mode=I2C
PC3.Signal=FMC_SDCKE0
PD0.Signal=FMC_D2_DA2
RCC.SAI2Freq_Value=96000000
PD8.Signal=FMC_D13_DA13
PE5.Signal=GPIO_Output
PE1.Signal=FMC_NBL1
RCC.PREFETCH_ENABLE=1
PB13.Locked=true
RCC.PLLSAIRCLKFreq_Value=83400000
ProjectManager.ProjectBuild=false
NVIC.UsageFault_IRQn=true\:0\:0\:false\:false\:true\:false\:false\:false
DSIHOST.LPDcsShortWriteOneP=DSI_LP_DSW1P_ENABLE
PB3.Mode=JTAG_5_pins
PB12.GPIO_Label=DSI_RESET
FMC.SelfRefreshTime1=7
DSIHOST.LPGenShortReadTwoP=DSI_LP_GSR2P_ENABLE
ProjectManager.FirmwarePackage=STM32Cube FW_F4 V1.25.0
MxDb.Version=DB.5.0.60
LTDC.IPParameters=HSync,HBP,HFP,ActiveW,VSync,VBP,VFP,Layers,WindowX1_L0,WindowY1_L0,PixelFormat_L0,Alpha_L0,BlendingFactor1_L0,BlendingFactor2_L0,FBStartAdress_L0,ImageWidth_L0,ImageHeight_L0,ActiveH
LTDC.PixelFormat_L0=LTDC_PIXEL_FORMAT_RGB888
ProjectManager.BackupPrevious=false
PE9.Signal=FMC_D6_DA6
VP_SYS_VS_tim2.Signal=SYS_VS_tim2
DSIHOST_D1N.Signal=DSIHOST_D1N
SH.FMC_A2.0=FMC_A2,12b-sda1
PA5.GPIO_PuPd=GPIO_PULLDOWN
SH.FMC_D15_DA15.ConfNb=1
NVIC.TIM2_IRQn=true\:0\:0\:false\:false\:true\:false\:false\:true
PE4.GPIO_Label=PUMP2_ON
PF8.Mode=Single Bank 1
RCC.PLLRCLKFreq_Value=60000000
SH.FMC_D1_DA1.0=FMC_D1,sd-16b-d1
NVIC.PendSV_IRQn=true\:15\:0\:false\:false\:false\:true\:false\:false
PF3.Signal=FMC_A3
VP_FREERTOS_VS_CMSIS_V1.Mode=CMSIS_V1
PE10.Signal=FMC_D7_DA7
LTDC.HSync=2
ProjectManager.HalAssertFull=false
RCC.MCO2PinFreq_Value=180000000
PC8.GPIOParameters=GPIO_Speed,GPIO_Label
Mcu.Package=LQFP176
VP_SYS_VS_tim2.Mode=TIM2
PA5.Locked=true
NVIC.TimeBase=TIM2_IRQn
SH.FMC_SDNCAS.ConfNb=1
SH.FMC_A11.ConfNb=1
NVIC.TimeBaseIP=TIM2
RCC.DFSDMFreq_Value=16000000
PA5.GPIOParameters=GPIO_PuPd,GPIO_Label
FMC.WriteRecoveryTime1=7
PC8.GPIO_Speed=GPIO_SPEED_FREQ_LOW
PB14.GPIOParameters=GPIO_Label
SH.FMC_A1.0=FMC_A1,12b-sda1
RCC.APB2CLKDivider=RCC_HCLK_DIV2
SH.FMC_SDCLK.0=FMC_SDCLK,12b-sda1
LTDC.VSync=2
RCC.CECFreq_Value=32786.88524590164
PF14.Signal=FMC_A8
RCC.APB1TimFreq_Value=90000000
VP_DMA2D_VS_DMA2D.Mode=DMA2D_Activate
VP_STMicroelectronics.X-CUBE-TOUCHGFX_VS_GraphicsJjApplication_4.13.0.Signal=STMicroelectronics.X-CUBE-TOUCHGFX_VS_GraphicsJjApplication_4.13.0
NVIC.BusFault_IRQn=true\:0\:0\:false\:false\:true\:false\:false\:false
PF10.Mode=Single Bank 1
FMC.RowCycleDelay1=10
PE6.Locked=true
PE6.GPIO_PuPd=GPIO_PULLDOWN
PD15.Signal=FMC_D1_DA1
SH.FMC_D3_DA3.0=FMC_D3,sd-16b-d1
ProjectManager.CustomerFirmwarePackage=
RCC.PLLSAIQCLKFreq_Value=104250000
SH.FMC_D3_DA3.ConfNb=1
PA6.GPIOParameters=GPIO_Label
DSIHOST.LPDcsShortWriteNoP=DSI_LP_DSW0P_ENABLE
DSIHOST.LPDcsShortReadNoP=DSI_LP_DSR0P_ENABLE
SH.FMC_A4.0=FMC_A4,12b-sda1
SH.FMC_A7.ConfNb=1
ProjectManager.ProjectFileName=CocktailMachineF4.ioc
SH.FMC_A5.ConfNb=1
SH.FMC_A1.ConfNb=1
FREERTOS.Tasks01=defaultTask,0,128,StartDefaultTask,Default,NULL,Dynamic,NULL,NULL
Mcu.Pin79=VP_STMicroelectronics.X-CUBE-TOUCHGFX_VS_GraphicsJjApplication_4.13.0
Mcu.PinsNb=80
Mcu.Pin73=PE1
Mcu.Pin74=VP_CRC_VS_CRC
Mcu.Pin71=PB7
Mcu.Pin72=PE0
ADC1.IPParameters=Rank-3\#ChannelRegularConversion,master,Channel-3\#ChannelRegularConversion,SamplingTime-3\#ChannelRegularConversion,NbrOfConversionFlag,ContinuousConvMode,NbrOfConversion,InjNumberOfConversion,EnableAnalogWatchDog
Mcu.Pin77=VP_LTDC_DSIMode
PG5.Signal=FMC_A15_BA1
Mcu.Pin78=VP_SYS_VS_tim2
Mcu.Pin75=VP_DMA2D_VS_DMA2D
SH.FMC_D10_DA10.0=FMC_D10,sd-16b-d1
Mcu.Pin76=VP_FREERTOS_VS_CMSIS_V1
FREERTOS.configCHECK_FOR_STACK_OVERFLOW=2
Mcu.Pin70=PB6
PC2.Signal=FMC_SDNE0
PD1.Signal=FMC_D3_DA3
Mcu.Pin68=PB3
UART5.VirtualMode=Asynchronous
Mcu.Pin69=PB4
PC0.Signal=FMC_SDNWE
PB14.Locked=true
RCC.APB1CLKDivider=RCC_HCLK_DIV4
Mcu.Pin62=PA15
Mcu.Pin63=PC12
Mcu.Pin60=PA13
Mcu.Pin61=PA14
Mcu.Pin66=PD2
RCC.PWR_Regulator_Voltage_Scale=PWR_REGULATOR_VOLTAGE_SCALE1
Mcu.Pin67=PG15
Mcu.Pin64=PD0
Mcu.Pin65=PD1
LTDC.ImageWidth_L0=448
PD10.Signal=FMC_D15_DA15
SH.FMC_A3.0=FMC_A3,12b-sda1
Mcu.Pin59=PC8
FMC.CASLatency1=FMC_SDRAM_CAS_LATENCY_3
Mcu.Pin57=PG5
Mcu.Pin58=PG8
PB11.Mode=DSIHost_Adapted_TE
Mcu.Pin51=DSIHOST_D0N
SH.FMC_D15_DA15.0=FMC_D15,sd-16b-d1
Mcu.Pin52=DSIHOST_CKP
I2C1.I2C_Mode=I2C_Fast
Mcu.Pin50=DSIHOST_D0P
VP_CRC_VS_CRC.Signal=CRC_VS_CRC
RCC.PLLDSIVCOFreq_Value=1000000000
Mcu.Pin55=DSIHOST_D1N
Mcu.Pin56=PG4
Mcu.Pin53=DSIHOST_CKN
Mcu.Pin54=DSIHOST_D1P
STMicroelectronics.X-CUBE-TOUCHGFX.4.13.0.IPParameters=ApplicationCcGraphicsJjApplication,tgfx_display_interface,tgfx_pixel_format,tgfx_vsync,tgfx_hardware_accelerator,tgfx_oswrapper,tgfx_location,tgfx_address1,tgfx_ltdc_width,tgfx_custom_width,tgfx_custom_height
Mcu.Pin48=PD14
Mcu.Pin49=PD15
Mcu.Pin46=PD9
Mcu.Pin47=PD10
PB10.Signal=QUADSPI_BK1_NCS
PB14.Signal=GPIO_Input
PA5.Signal=GPIO_Output
Mcu.Pin40=PB10
Mcu.Pin41=PB11
Mcu.Pin44=PB14
PC12.Mode=Asynchronous
Mcu.Pin45=PD8
Mcu.Pin42=PB12
VP_STMicroelectronics.X-CUBE-TOUCHGFX_VS_GraphicsJjApplication_4.13.0.Mode=GraphicsJjApplication
Mcu.Pin43=PB13
VP_LTDC_DSIMode.Signal=LTDC_DSIMode
ProjectManager.LastFirmware=true
PB13.GPIO_PuPd=GPIO_NOPULL
FMC.ReadBurst1=FMC_SDRAM_RBURST_ENABLE
SH.FMC_A6.0=FMC_A6,12b-sda1
PE14.Signal=FMC_D11_DA11
VP_DMA2D_VS_DMA2D.Signal=DMA2D_VS_DMA2D
PE15.Signal=FMC_D12_DA12
Mcu.Pin37=PE13
Mcu.Pin38=PE14
Mcu.Pin35=PE11
PE8.Signal=FMC_D5_DA5
Mcu.Pin36=PE12
RCC.PLLI2SPCLKFreq_Value=96000000
SH.FMC_D14_DA14.ConfNb=1
Mcu.Pin39=PE15
RCC.RNGFreq_Value=96000000
Mcu.Pin30=PG1
RCC.EthernetFreq_Value=180000000
Mcu.Pin33=PE9
Mcu.Pin34=PE10
Mcu.Pin31=PE7
Mcu.Pin32=PE8
NVIC.NonMaskableInt_IRQn=true\:0\:0\:false\:false\:true\:false\:false\:false
PF13.Signal=FMC_A7
STMicroelectronics.X-CUBE-TOUCHGFX.4.13.0.GraphicsJjApplication_Checked=true
PA13.Mode=JTAG_5_pins
SH.FMC_SDNCAS.0=FMC_SDNCAS,12b-sda1
ProjectManager.FreePins=false
SH.FMC_NBL1.ConfNb=1
RCC.PLLI2SQCLKFreq_Value=48000000
Mcu.Pin26=PF13
Mcu.Pin27=PF14
RCC.RTCHSEDivFreq_Value=5000000
Mcu.Pin24=PF11
ProjectManager.UnderRoot=true
PE4.GPIO_PuPd=GPIO_PULLDOWN
Mcu.Pin25=PF12
Mcu.Pin28=PF15
Mcu.Pin29=PG0
SH.FMC_D7_DA7.ConfNb=1
Mcu.Pin22=PA6
Mcu.Pin23=PA7
Mcu.Pin20=PA3
ADC1.master=1
Mcu.Pin21=PA5
PA5.GPIO_Label=LED_RED
NVIC.ForceEnableDMAVector=true
NVIC.MemoryManagement_IRQn=true\:0\:0\:false\:false\:true\:false\:false\:false
SH.FMC_A10.ConfNb=1
PE5.GPIO_Label=PUMP3_ON
ProjectManager.CompilerOptimize=6
SH.FMC_A5.0=FMC_A5,12b-sda1
LTDC.Alpha_L0=255
SH.FMC_SDNRAS.ConfNb=1
ProjectManager.HeapSize=0x200
Mcu.Pin15=PH0/OSC_IN
NVIC.HardFault_IRQn=true\:0\:0\:false\:false\:true\:false\:false\:false
Mcu.Pin16=PH1/OSC_OUT
Mcu.Pin13=PF9
Mcu.Pin14=PF10
Mcu.Pin19=PC3
PF6.Mode=Single Bank 1
ProjectManager.ComputerToolchain=false
PF9.Signal=QUADSPI_BK1_IO1
Mcu.Pin17=PC0
Mcu.Pin18=PC2
NVIC.PriorityGroup=NVIC_PRIORITYGROUP_4
Mcu.Pin11=PF7
Mcu.Pin12=PF8
Mcu.Pin10=PF6
DSIHOST.LPMaxReadPacket=DSI_LP_MRDP_ENABLE
PE3.Signal=GPIO_Output
PF4.Signal=FMC_A4
SH.FMC_D12_DA12.ConfNb=1
PD2.Signal=UART5_RX
PB12.GPIO_PuPd=GPIO_PULLUP
RCC.SDMMC2Freq_Value=16000000
PA7.GPIOParameters=GPIO_Label
PC0.Locked=true
PB12.GPIOParameters=GPIO_Speed,PinState,GPIO_PuPd,GPIO_Label
Mcu.Family=STM32F4
DSIHOST.AutomaticRefresh=DSI_AR_DISABLE
FMC.IPParameters=CASLatency1,ReadBurst1,LoadToActiveDelay1,ExitSelfRefreshDelay1,SelfRefreshTime1,RowCycleDelay1,WriteRecoveryTime1,RPDelay1,RCDDelay1,SDClockPeriod1
PC3.Mode=SdramChipSelect1_1
LTDC.BlendingFactor1_L0=LTDC_BLENDING_FACTOR1_CA
ProjectManager.MainLocation=Core/Src
STMicroelectronics.X-CUBE-TOUCHGFX.4.13.0.tgfx_custom_height=480
SH.FMC_A6.ConfNb=1
SH.FMC_A8.0=FMC_A8,12b-sda1
RCC.SAI1Freq_Value=96000000
RCC.CortexFreq_Value=180000000
SH.FMC_A2.ConfNb=1
RCC.PWREXT_OverDrive=PWREXT_OverDrive_ACTIVATED
RCC.PLLDSIIDF=DSI_PLL_IN_DIV2
ProjectManager.KeepUserCode=true
Mcu.UserName=STM32F469IITx
ADC1.ContinuousConvMode=DISABLE
SH.FMC_D14_DA14.0=FMC_D14,sd-16b-d1
LTDC.HBP=1
SH.FMC_NBL0.0=FMC_NBL0,Sd2ByteEnable1
ProjectManager.functionlistsort=1-MX_GPIO_Init-GPIO-false-HAL-true,2-SystemClock_Config-RCC-false-HAL-false,3-MX_CRC_Init-CRC-false-HAL-true,4-MX_DMA2D_Init-DMA2D-false-HAL-true,5-MX_DSIHOST_DSI_Init-DSIHOST-false-HAL-true,6-MX_FMC_Init-FMC-false-HAL-true,7-MX_I2C1_Init-I2C1-false-HAL-true,8-MX_LTDC_Init-LTDC-false-HAL-true,9-MX_QUADSPI_Init-QUADSPI-false-HAL-true,10-MX_UART5_Init-UART5-false-HAL-true,11-MX_TouchGFX_Init-STMicroelectronics.X-CUBE-TOUCHGFX.4.13.0-false-HAL-false,12-MX_TouchGFX_Process-STMicroelectronics.X-CUBE-TOUCHGFX.4.13.0-false-HAL-false
DSIHOST.LPGenShortWriteNoP=DSI_LP_GSW0P_ENABLE
SH.FMC_D6_DA6.0=FMC_D6,sd-16b-d1
RCC.PLLI2SRCLKFreq_Value=96000000
SH.FMC_A14_BA0.0=FMC_BA0,FourSdramBanks1
SH.FMC_A11.0=FMC_A11,12b-sda1
PB13.GPIO_Label=LCD_INT
PB11.Signal=DSIHOST_TE
PG15.Signal=FMC_SDNCAS
PE5.GPIOParameters=GPIO_PuPd,GPIO_Label
ProjectManager.StackSize=0x400
STMicroelectronics.X-CUBE-TOUCHGFX.4.13.0.tgfx_pixel_format=RGB888\:24
Mcu.IP4=FMC
Mcu.IP5=FREERTOS
RCC.FCLKCortexFreq_Value=180000000
Mcu.IP2=DMA2D
I2C1.IPParameters=I2C_Mode
STMicroelectronics.X-CUBE-TOUCHGFX.4.13.0.tgfx_display_interface=disp_custom
Mcu.IP3=DSIHOST
Mcu.IP0=ADC1
SH.FMC_A7.0=FMC_A7,12b-sda1
Mcu.IP1=CRC
PE4.GPIOParameters=GPIO_PuPd,GPIO_Label
STMicroelectronics.X-CUBE-TOUCHGFX.4.13.0.tgfx_location=By Address
Mcu.UserConstants=
PE5.GPIO_PuPd=GPIO_PULLDOWN
RCC.SDMMCFreq_Value=16000000
STMicroelectronics.X-CUBE-TOUCHGFX.4.13.0.tgfx_ltdc_width=800
Mcu.ThirdPartyNb=1
ADC1.Channel-3\#ChannelRegularConversion=ADC_CHANNEL_3
RCC.SDIOFreq_Value=90000000
PH0/OSC_IN.Mode=HSE-External-Oscillator
RCC.HCLKFreq_Value=180000000
SH.ADCx_IN3.0=ADC1_IN3,IN3
Mcu.IPNb=13
ProjectManager.PreviousToolchain=STM32CubeIDE
RCC.SPDIFRXFreq_Value=96000000
SH.FMC_NBL1.0=FMC_NBL1,Sd2ByteEnable1
LTDC.WindowX1_L0=448
PF12.Signal=FMC_A6
SH.ADCx_IN3.ConfNb=1
FREERTOS.configUSE_MALLOC_FAILED_HOOK=1
Mcu.Pin6=PF2
Mcu.Pin7=PF3
Mcu.Pin8=PF4
Mcu.Pin9=PF5
RCC.VCOSAIOutputFreq_Value=417000000
FREERTOS.IPParameters=Tasks01,configUSE_APPLICATION_TASK_TAG,configTOTAL_HEAP_SIZE,configUSE_IDLE_HOOK,configUSE_MALLOC_FAILED_HOOK,configCHECK_FOR_STACK_OVERFLOW
SH.FMC_A10.0=FMC_A10,12b-sda1
RCC.AHBFreq_Value=180000000
Mcu.Pin0=PE3
Mcu.Pin1=PE4
GPIO.groupedBy=Group By Peripherals
Mcu.Pin2=PE5
DSIHOST_D1N.Mode=DSIHost_Adapted_TE
Mcu.Pin3=PE6
Mcu.Pin4=PF0
Mcu.Pin5=PF1
RCC.HSE_VALUE=10000000
NVIC.DebugMonitor_IRQn=true\:0\:0\:false\:false\:true\:false\:false\:false
SH.FMC_A14_BA0.ConfNb=1
SH.FMC_D8_DA8.0=FMC_D8,sd-16b-d1
FMC.ExitSelfRefreshDelay1=10
Mcu.IP10=RCC
FMC.RPDelay1=5
PA15.Mode=JTAG_5_pins
NVIC.SysTick_IRQn=true\:15\:0\:false\:false\:false\:true\:false\:false
Mcu.IP12=UART5
Mcu.IP11=SYS
DSIHOST.LPGenShortWriteOneP=DSI_LP_GSW1P_ENABLE
SH.FMC_D2_DA2.0=FMC_D2,sd-16b-d1
LTDC.VBP=1
Mcu.ThirdParty0=STMicroelectronics.X-CUBE-TOUCHGFX.4.13.0
PF9.Mode=Single Bank 1
PB4.Mode=JTAG_5_pins
PE13.Signal=FMC_D10_DA10
NVIC.DSI_IRQn=true\:5\:0\:false\:false\:true\:true\:true\:true
RCC.VCOInputFreq_Value=1000000
PA14.Mode=JTAG_5_pins
PF11.Signal=FMC_SDNRAS
DSIHOST_D1P.Signal=DSIHOST_D1P
File.Version=6
PE3.GPIOParameters=GPIO_Label
SH.FMC_D5_DA5.ConfNb=1
LTDC.HFP=1
PE3.Locked=true
SH.FMC_D2_DA2.ConfNb=1
PB7.Signal=I2C1_SDA
LTDC.BlendingFactor2_L0=LTDC_BLENDING_FACTOR2_CA
SH.FMC_SDNRAS.0=FMC_SDNRAS,12b-sda1
DMA2D.ColorMode=DMA2D_OUTPUT_ARGB8888
LTDC.ActiveW=448
PE4.Signal=GPIO_Output
PH1/OSC_OUT.Mode=HSE-External-Oscillator
PE6.GPIOParameters=GPIO_PuPd,GPIO_Label
FREERTOS.configTOTAL_HEAP_SIZE=32768
ProjectManager.ProjectName=CocktailMachineF4
DSIHOST.AcknowledgeRequest=DSI_ACKNOWLEDGE_ENABLE
STMicroelectronics.X-CUBE-TOUCHGFX.4.13.0.tgfx_address1=0xC0000000
PA6.Signal=GPIO_Output
STMicroelectronics.X-CUBE-TOUCHGFX.4.13.0.ApplicationCcGraphicsJjApplication=TouchGFXOoGenerator
PA7.Locked=true
SH.FMC_D0_DA0.0=FMC_D0,sd-16b-d1
DSIHOST.IPParameters=NumberOfLanes,AcknowledgeRequest,TEAcknowledgeRequest,LPGenShortWriteNoP,LPGenShortWriteOneP,LPGenShortWriteTwoP,LPGenShortReadNoP,LPGenShortReadOneP,LPGenShortReadTwoP,LPGenLongWrite,LPDcsShortWriteNoP,LPDcsShortWriteOneP,LPDcsShortReadNoP,LPDcsLongWrite,LPMaxReadPacket,LPWREIE,AutomaticRefresh
SH.FMC_D4_DA4.ConfNb=1
NVIC.LTDC_ER_IRQn=true\:3\:0\:true\:false\:true\:false\:true\:true
ProjectManager.ToolChainLocation=
RCC.LSI_VALUE=32000
RCC.DSIFreq_Value=62500000
SH.FMC_A9.0=FMC_A9,12b-sda1
PA15.Signal=SYS_JTDI
DMA2D.IPParameters=ColorMode
PF8.Signal=QUADSPI_BK1_IO0
UART5.IPParameters=VirtualMode
SH.FMC_D4_DA4.0=FMC_D4,sd-16b-d1
RCC.PLLSAIN=417
PF5.Signal=FMC_A5
RCC.PLLSAIR=5
DSIHOST_CKN.Signal=DSIHOST_CKN
PF0.Signal=FMC_A0
PE7.Signal=FMC_D4_DA4
SH.FMC_NBL0.ConfNb=1
RCC.SAIBFreq_Value=104250000
DSIHOST.TEAcknowledgeRequest=DSI_TE_ACKNOWLEDGE_ENABLE
DSIHOST_D0P.Mode=DSIHost_Adapted_TE
PB4.Signal=SYS_JTRST
PA3.Signal=ADCx_IN3
SH.FMC_A3.ConfNb=1
RCC.PLLSourceVirtual=RCC_PLLSOURCE_HSE
RCC.I2SFreq_Value=96000000
NVIC.LTDC_IRQn=true\:3\:0\:true\:false\:true\:false\:true\:true
STMicroelectronics.X-CUBE-TOUCHGFX.4.13.0.tgfx_vsync=vsync_custom
LTDC.FBStartAdress_L0=0xC0000000
SH.FMC_A9.ConfNb=1
LTDC.VFP=1
LTDC.WindowY1_L0=480
ProjectManager.NoMain=false
PG1.Signal=FMC_A11
NVIC.SavedSvcallIrqHandlerGenerated=true
RCC.PLLRFreq_Value=60000000
SH.FMC_SDCLK.ConfNb=1
PC8.Signal=GPIO_Output
DSIHOST.LPGenLongWrite=DSI_LP_GLW_ENABLE
DSIHOST.LPWREIE=HAL_DSI_ERROR_OVF
ProjectManager.DefaultFWLocation=true
PC2.Mode=SdramChipSelect1_1
PD9.Signal=FMC_D14_DA14
PB12.Locked=true
ProjectManager.DeletePrevious=true
FREERTOS.configUSE_APPLICATION_TASK_TAG=1
RCC.FamilyName=M
RCC.DSITXEscFreq_Value=15625000
PC8.GPIO_Label=BT_RESET
PA13.Signal=SYS_JTMS-SWDIO
FREERTOS.configUSE_IDLE_HOOK=1
PF7.Mode=Single Bank 1
VP_FREERTOS_VS_CMSIS_V1.Signal=FREERTOS_VS_CMSIS_V1
SH.FMC_A15_BA1.ConfNb=1
PF6.Signal=QUADSPI_BK1_IO3
ProjectManager.TargetToolchain=STM32CubeIDE
SH.FMC_D13_DA13.0=FMC_D13,sd-16b-d1
LTDC.ActiveH=480
SH.FMC_D1_DA1.ConfNb=1
PE4.Locked=true
PF2.Signal=FMC_A2
PC2.Locked=true
ProjectManager.RegisterCallBack=
RCC.USBFreq_Value=90000000
RCC.PLLSAIoutputFreq_Value=96000000
PE11.Signal=FMC_D8_DA8
RCC.LSE_VALUE=32768
STMicroelectronics.X-CUBE-TOUCHGFX.4.13.0.tgfx_oswrapper=CMSIS V1
PB12.GPIO_Speed=GPIO_SPEED_FREQ_VERY_HIGH
RCC.VCOI2SOutputFreq_Value=192000000
PD2.Mode=Asynchronous
DSIHOST_CKP.Signal=DSIHOST_CKP
RCC.PLLSAIPCLKFreq_Value=208500000
board=custom
RCC.VCOOutputFreq_Value=360000000
DSIHOST.LPDcsLongWrite=DSI_LP_DLW_ENABLE
ADC1.EnableAnalogWatchDog=false
DSIHOST.NumberOfLanes=DSI_TWO_DATA_LANES
PH0/OSC_IN.Signal=RCC_OSC_IN
NVIC.SavedSystickIrqHandlerGenerated=true
RCC.APB2Freq_Value=90000000
MxCube.Version=5.6.1
SH.FMC_D13_DA13.ConfNb=1
LTDC.Layers=0
RCC.PLLDSINDIV=100
PF10.Signal=QUADSPI_CLK
RCC.INSTRUCTION_CACHE_ENABLE=1
SH.FMC_D12_DA12.0=FMC_D12,sd-16b-d1
DSIHOST.LPGenShortWriteTwoP=DSI_LP_GSW2P_ENABLE
PF15.Signal=FMC_A9
PE5.Locked=true
PF1.Signal=FMC_A1
PE6.Signal=GPIO_Output
SH.FMC_D11_DA11.ConfNb=1
ADC1.NbrOfConversion=1
RCC.IPParameters=AHBFreq_Value,APB1CLKDivider,APB1Freq_Value,APB1TimFreq_Value,APB2CLKDivider,APB2Freq_Value,APB2TimFreq_Value,CECFreq_Value,CortexFreq_Value,DATA_CACHE_ENABLE,DFSDMFreq_Value,DSIFreq_Value,DSITXEscFreq_Value,EthernetFreq_Value,FCLKCortexFreq_Value,FamilyName,HCLKFreq_Value,HSE_VALUE,HSI_VALUE,I2SFreq_Value,INSTRUCTION_CACHE_ENABLE,LCDTFTFreq_Value,LSE_VALUE,LSI_VALUE,MCO2PinFreq_Value,PLLCLKFreq_Value,PLLDSIFreq_Value,PLLDSIIDF,PLLDSINDIV,PLLDSIVCOFreq_Value,PLLI2SPCLKFreq_Value,PLLI2SQCLKFreq_Value,PLLI2SRCLKFreq_Value,PLLM,PLLN,PLLQCLKFreq_Value,PLLR,PLLRCLKFreq_Value,PLLRFreq_Value,PLLSAIN,PLLSAIPCLKFreq_Value,PLLSAIQCLKFreq_Value,PLLSAIR,PLLSAIRCLKFreq_Value,PLLSAIoutputFreq_Value,PLLSourceVirtual,PREFETCH_ENABLE,PWREXT_OverDrive,PWR_Regulator_Voltage_Scale,RNGFreq_Value,RTCFreq_Value,RTCHSEDivFreq_Value,SAI1Freq_Value,SAI2Freq_Value,SAIAFreq_Value,SAIBFreq_Value,SDIOFreq_Value,SDMMC2Freq_Value,SDMMCFreq_Value,SPDIFRXFreq_Value,SYSCLKFreq_VALUE,SYSCLKSource,USBFreq_Value,VCOI2SOutputFreq_Value,VCOInputFreq_Value,VCOOutputFreq_Value,VCOSAIOutputFreq_Value
ProjectManager.AskForMigrate=true
Mcu.Name=STM32F469IITx
PE0.Signal=FMC_NBL0
PE12.Signal=FMC_D9_DA9
NVIC.SavedPendsvIrqHandlerGenerated=true
DSIHOST_CKN.Mode=DSIHost_Adapted_TE
Mcu.IP8=NVIC
Mcu.IP9=QUADSPI
PD14.Signal=FMC_D0_DA0
Mcu.IP6=I2C1
STMicroelectronics.X-CUBE-TOUCHGFX.4.13.0_SwParameter=ApplicationCcGraphicsJjApplication\:TouchGFXOoGenerator;
Mcu.IP7=LTDC
ProjectManager.CoupleFile=false
PB3.Signal=SYS_JTDO-SWO
RCC.SYSCLKFreq_VALUE=180000000
DSIHOST.LPGenShortReadNoP=DSI_LP_GSR0P_ENABLE
PA7.GPIO_Label=LED_GREEN
ADC1.Rank-3\#ChannelRegularConversion=1
ADC1.SamplingTime-3\#ChannelRegularConversion=ADC_SAMPLETIME_3CYCLES
KeepUserPlacement=false
PB7.Mode=I2C
PA14.Signal=SYS_JTCK-SWCLK
DSIHOST_D0N.Signal=DSIHOST_D0N
VP_LTDC_DSIMode.Mode=RGB888
RCC.HSI_VALUE=16000000
RCC.PLLR=6
ADC1.NbrOfConversionFlag=1
RCC.PLLM=10
RCC.PLLN=360
STMicroelectronics.X-CUBE-TOUCHGFX.4.13.0.tgfx_hardware_accelerator=dma_2d
PE3.GPIO_Label=PUMP1_ON
PC8.Locked=true
DSIHOST.LPGenShortReadOneP=DSI_LP_GSR1P_ENABLE
SH.FMC_D8_DA8.ConfNb=1
RCC.APB1Freq_Value=45000000
VP_CRC_VS_CRC.Mode=CRC_Activate
LTDC.ImageHeight_L0=480
ProjectManager.DeviceId=STM32F469IITx
PB12.Signal=GPIO_Output
ProjectManager.LibraryCopy=1
PA7.Signal=GPIO_Output
PA6.Locked=true
